Microsoft Visual Studio Solution File, Format Version 11.00
# Visual Studio 2008

Project("{E2948EA4-7B57-4397-7B56-20ED78EE1CAA}") = "Fungeon", "Assembly-CSharp-firstpass.csproj", "{4BB6A381-DF82-5846-79E3-58A8AD27EDC6}"
EndProject
Project("{E2948EA4-7B57-4397-7B56-20ED78EE1CAA}") = "Fungeon", "Assembly-CSharp.csproj", "{8ACF2C79-BF6F-0854-0CBA-342DBDE2CE04}"
EndProject
Project("{E2948EA4-7B57-4397-7B56-20ED78EE1CAA}") = "Fungeon", "Assembly-CSharp-Editor.csproj", "{50DE3A63-7D90-A006-E20D-06A486FA21F8}"
EndProject
Global
	GlobalSection(SolutionConfigurationPlatforms) = preSolution
		Debug|Any CPU = Debug|Any CPU
		Release|Any CPU = Release|Any CPU
	EndGlobalSection
	GlobalSection(ProjectConfigurationPlatforms) = postSolution
		{4BB6A381-DF82-5846-79E3-58A8AD27EDC6}.Debug|Any CPU.ActiveCfg = Debug|Any CPU
		{4BB6A381-DF82-5846-79E3-58A8AD27EDC6}.Debug|Any CPU.Build.0 = Debug|Any CPU
		{4BB6A381-DF82-5846-79E3-58A8AD27EDC6}.Release|Any CPU.ActiveCfg = Release|Any CPU
		{4BB6A381-DF82-5846-79E3-58A8AD27EDC6}.Release|Any CPU.Build.0 = Release|Any CPU
		{8ACF2C79-BF6F-0854-0CBA-342DBDE2CE04}.Debug|Any CPU.ActiveCfg = Debug|Any CPU
		{8ACF2C79-BF6F-0854-0CBA-342DBDE2CE04}.Debug|Any CPU.Build.0 = Debug|Any CPU
		{8ACF2C79-BF6F-0854-0CBA-342DBDE2CE04}.Release|Any CPU.ActiveCfg = Release|Any CPU
		{8ACF2C79-BF6F-0854-0CBA-342DBDE2CE04}.Release|Any CPU.Build.0 = Release|Any CPU
		{50DE3A63-7D90-A006-E20D-06A486FA21F8}.Debug|Any CPU.ActiveCfg = Debug|Any CPU
		{50DE3A63-7D90-A006-E20D-06A486FA21F8}.Debug|Any CPU.Build.0 = Debug|Any CPU
		{50DE3A63-7D90-A006-E20D-06A486FA21F8}.Release|Any CPU.ActiveCfg = Release|Any CPU
		{50DE3A63-7D90-A006-E20D-06A486FA21F8}.Release|Any CPU.Build.0 = Release|Any CPU
	EndGlobalSection
	GlobalSection(SolutionProperties) = preSolution
		HideSolutionNode = FALSE
	EndGlobalSection
		GlobalSection(MonoDevelopProperties) = preSolution
		StartupItem = Assembly-CSharp.csproj
		Policies = $0
		$0.TextStylePolicy = $1
		$1.inheritsSet = null
		$1.scope = text/x-csharp
		$0.CSharpFormattingPolicy = $2
		$2.inheritsSet = Mono
		$2.inheritsScope = text/x-csharp
		$2.scope = text/x-csharp
		$0.TextStylePolicy = $3
		$3.FileWidth = 120
		$3.TabWidth = 4
		$3.IndentWidth = 4
		$3.EolMarker = Unix
		$3.inheritsSet = Mono
		$3.inheritsScope = text/plain
		$3.scope = text/plain
	EndGlobalSection
EndGlobal
